
Microsoft Visual Studio Solution File, Format Version 12.00
# Visual Studio Version 17
VisualStudioVersion = 17.3.32929.385
MinimumVisualStudioVersion = 10.0.40219.1
Project("{FAE04EC0-301F-11D3-BF4B-00C04F79EFBC}") = "ConsoleUI", "ConsoleUI\ConsoleUI.csproj", "{1BAE8BC0-FA69-4163-9641-B55A644CF216}"
EndProject
Project("{FAE04EC0-301F-11D3-BF4B-00C04F79EFBC}") = "DemoLibrary", "DemoLibrary\DemoLibrary.csproj", "{5A5A4639-3789-4607-86D8-D25634EBE95C}"
EndProject
Global
	GlobalSection(SolutionConfigurationPlatforms) = preSolution
		Debug|Any CPU = Debug|Any CPU
		Release|Any CPU = Release|Any CPU
	EndGlobalSection
	GlobalSection(ProjectConfigurationPlatforms) = postSolution
		{1BAE8BC0-FA69-4163-9641-B55A644CF216}.Debug|Any CPU.ActiveCfg = Debug|Any CPU
		{1BAE8BC0-FA69-4163-9641-B55A644CF216}.Debug|Any CPU.Build.0 = Debug|Any CPU
		{1BAE8BC0-FA69-4163-9641-B55A644CF216}.Release|Any CPU.ActiveCfg = Release|Any CPU
		{1BAE8BC0-FA69-4163-9641-B55A644CF216}.Release|Any CPU.Build.0 = Release|Any CPU
		{5A5A4639-3789-4607-86D8-D25634EBE95C}.Debug|Any CPU.ActiveCfg = Debug|Any CPU
		{5A5A4639-3789-4607-86D8-D25634EBE95C}.Debug|Any CPU.Build.0 = Debug|Any CPU
		{5A5A4639-3789-4607-86D8-D25634EBE95C}.Release|Any CPU.ActiveCfg = Release|Any CPU
		{5A5A4639-3789-4607-86D8-D25634EBE95C}.Release|Any CPU.Build.0 = Release|Any CPU
	EndGlobalSection
	GlobalSection(SolutionProperties) = preSolution
		HideSolutionNode = FALSE
	EndGlobalSection
	GlobalSection(ExtensibilityGlobals) = postSolution
		SolutionGuid = {DF3FF172-B33B-4DA1-81BD-CF2BBCF008D3}
	EndGlobalSection
EndGlobal
